---
lockfileVersion: '9.0'

importers:

  .:
    configDependencies: {}
    packageManagerDependencies:
      '@pnpm/exe':
        specifier: 12.4.1
        version: 12.4.1
      pnpm:
        specifier: 12.4.1
        version: 12.4.1

packages:

  '@pnpm/exe.android-arm64@12.4.1':
    resolution: {integrity: sha512-/HwsqXMSmlOfgtV9+O0ratzjV6Vd/8n1hh4rGHpCGmDURvt52MwZxdbhyxP4K03ZfvgSDvotFPr8O+RzE5Eu8A==}
    cpu: [arm64]
    os: [android]

  '@pnpm/exe.android-x64@12.4.1':
    resolution: {integrity: sha512-+l74Qb4c2YjOzNKHXJLg+1wr8xHM1ckkUhnU5KRUK9TJqiiczt6yeTZqqzHIlJ8i6pAoj5V0OJevDRwnQKLgrQ==}
    cpu: [x64]
    os: [android]

  '@pnpm/exe.darwin-arm64@12.4.1':
    resolution: {integrity: sha512-6rkZkT3iGfaxknUdGHraqSWFvTa6N0ajAHluv9Ax0GRWs0sIcGNiFhDopv6xSZCsJZmG483aNS/b6UEDy3blfw==}
    cpu: [arm64]
    os: [darwin]

  '@pnpm/exe.darwin-x64@12.4.1':
    resolution: {integrity: sha512-Vb1CHlR88HghC1qUxjxjs82zQSXnXacPD+btG2CmG8Q/hBU7Q0/b2YWJKSQqZXicunV5khFtfTlAwJddV9RkYA==}
    cpu: [x64]
    os: [darwin]

  '@pnpm/exe.freebsd-x64@12.4.1':
    resolution: {integrity: sha512-iT3iHz3Nl0Sxxj7UPOtZ/aQ81AFsQhjoeWMAlPkSRO04gsgDGAXv3UYxOFaesMWsfNxaGn0A+CITbuCHFF66FA==}
    cpu: [x64]
    os: [freebsd]

  '@pnpm/exe.linux-arm64-musl@12.4.1':
    resolution: {integrity: sha512-aBooZfNXM5f+OGUgCAMFWpE/kAhsWfvmqIyMtHy6zl3aNxyInWrcY/Saln/UElzo7lZWMC0Yktroxd/2J26lNQ==}
    cpu: [arm64]
    os: [linux]
    libc: [musl]

  '@pnpm/exe.linux-arm64@12.4.1':
    resolution: {integrity: sha512-TlOdacTTP09BgcMvwWBFRsu8VAjfwqwnslBj+XSq1JFM3ck4f3k+1O/747EuctxZxs3/o785b6Q3s7Pd92Ptsg==}
    cpu: [arm64]
    os: [linux]
    libc: [glibc]

  '@pnpm/exe.linux-ppc64@12.4.1':
    resolution: {integrity: sha512-r/ab/MlIBo75oizUP5ITiziCCrnXz4SJwfErLQ+603AshB+Yq7xTMCoMtzTSCAMu6aaymIKkAFtZvd2J75Wq0w==}
    cpu: [ppc64]
    os: [linux]
    libc: [glibc]

  '@pnpm/exe.linux-riscv64@12.4.1':
    resolution: {integrity: sha512-C/D1QWdKMiB8+wv/spl1rGITFUuqC+aI/fb6h8NB5sqxsOaGXeYc/g891oCuzggHn6SODk9p+I09hI76x/cMNw==}
    cpu: [riscv64]
    os: [linux]
    libc: [glibc]

  '@pnpm/exe.linux-s390x@12.4.1':
    resolution: {integrity: sha512-nxz5zD4yXt94uzbStDk0QTPKW+aE92hH1b5tFXK9ctB1HE9Xcq1vjTiA2LsZMFC6p4gdu5OwQeFqYNAVGa6QlA==}
    cpu: [s390x]
    os: [linux]
    libc: [glibc]

  '@pnpm/exe.linux-x64-musl@12.4.1':
    resolution: {integrity: sha512-5AwgFdGhVUg2kIweYGfxzSLEHiIG77PQhZAkXC3TwofQHsu1Wr+TrV5/rNX2PopFnHRzuE581zoB8F6Wle32yg==}
    cpu: [x64]
    os: [linux]
    libc: [musl]

  '@pnpm/exe.linux-x64@12.4.1':
    resolution: {integrity: sha512-FJOZuuuQMhp0oLzBtcKkLXknBI92hfkmSnlKc47vfin4HrmfID5khY2lGekL9tCzk1cpR+HShEw/meFl+nHtzQ==}
    cpu: [x64]
    os: [linux]
    libc: [glibc]

  '@pnpm/exe.win32-arm64@12.4.1':
    resolution: {integrity: sha512-OO7eKBL9S+xk5hRy+JUUZSNJknGuGe3GEUffsrlC2LbqKF02g+VX1anGIzSbJDvkkdnpJhSlxF5AUz2JzJu2Jw==}
    cpu: [arm64]
    os: [win32]

  '@pnpm/exe.win32-x64@12.4.1':
    resolution: {integrity: sha512-x7gJHZgHo6hp354xCYA2NvoFzYJkHwovt2kVsUBK5EmXULLcP51JGMq09CX+5FRFJUZFKoXjLu3mZWmfP7o6PQ==}
    cpu: [x64]
    os: [win32]

  '@pnpm/exe@12.4.1':
    resolution: {integrity: sha512-J3tgb70MBqAujwk+7CjD2a2kL7M6qfTkb2tsb97q8qfIQMlsbEqN+UCvf7GELw2SQPQ8KtFhXypgzMBp86zYKg==}
    engines: {node: '>=18.*'}
    hasBin: true

  pnpm@12.4.1:
    resolution: {integrity: sha512-LoHjmdc/6DkNqyXgaqeIq3pZCCSNL1o3D4K0gRR6ano2e/gEj5pv22Rg8hpm8FQt7bi5TKLIcjWWdBkgsWVtTA==}
    engines: {node: '>=18.*'}
    hasBin: true

snapshots:

  '@pnpm/exe.android-arm64@12.4.1':
    optional: true

  '@pnpm/exe.android-x64@12.4.1':
    optional: true

  '@pnpm/exe.darwin-arm64@12.4.1':
    optional: true

  '@pnpm/exe.darwin-x64@12.4.1':
    optional: true

  '@pnpm/exe.freebsd-x64@12.4.1':
    optional: true

  '@pnpm/exe.linux-arm64-musl@12.4.1':
    optional: true

  '@pnpm/exe.linux-arm64@12.4.1':
    optional: true

  '@pnpm/exe.linux-ppc64@12.4.1':
    optional: true

  '@pnpm/exe.linux-riscv64@12.4.1':
    optional: true

  '@pnpm/exe.linux-s390x@12.4.1':
    optional: true

  '@pnpm/exe.linux-x64-musl@12.4.1':
    optional: true

  '@pnpm/exe.linux-x64@12.4.1':
    optional: true

  '@pnpm/exe.win32-arm64@12.4.1':
    optional: true

  '@pnpm/exe.win32-x64@12.4.1':
    optional: true

  '@pnpm/exe@12.4.1':
    optionalDependencies:
      '@pnpm/exe.android-arm64': 12.4.1
      '@pnpm/exe.android-x64': 12.4.1
      '@pnpm/exe.darwin-arm64': 12.4.1
      '@pnpm/exe.darwin-x64': 12.4.1
      '@pnpm/exe.freebsd-x64': 12.4.1
      '@pnpm/exe.linux-arm64': 12.4.1
      '@pnpm/exe.linux-arm64-musl': 12.4.1
      '@pnpm/exe.linux-ppc64': 12.4.1
      '@pnpm/exe.linux-riscv64': 12.4.1
      '@pnpm/exe.linux-s390x': 12.4.1
      '@pnpm/exe.linux-x64': 12.4.1
      '@pnpm/exe.linux-x64-musl': 12.4.1
      '@pnpm/exe.win32-arm64': 12.4.1
      '@pnpm/exe.win32-x64': 12.4.1

  pnpm@12.4.1:
    optionalDependencies:
      '@pnpm/exe.android-arm64': 12.4.1
      '@pnpm/exe.android-x64': 12.4.1
      '@pnpm/exe.darwin-arm64': 12.4.1
      '@pnpm/exe.darwin-x64': 12.4.1
      '@pnpm/exe.freebsd-x64': 12.4.1
      '@pnpm/exe.linux-arm64': 12.4.1
      '@pnpm/exe.linux-arm64-musl': 12.4.1
      '@pnpm/exe.linux-ppc64': 12.4.1
      '@pnpm/exe.linux-riscv64': 12.4.1
      '@pnpm/exe.linux-s390x': 12.4.1
      '@pnpm/exe.linux-x64': 12.4.1
      '@pnpm/exe.linux-x64-musl': 12.4.1
      '@pnpm/exe.win32-arm64': 12.4.1
      '@pnpm/exe.win32-x64': 12.4.1

---
lockfileVersion: '9.0'

settings:
  autoInstallPeers: true
  excludeLinksFromLockfile: false

importers:

  .:
    dependencies:
      typescript:
        specifier: npm:typescript-native-bridge@6.0.3-bridge.17.tsgo.7.0.2
        version: typescript-native-bridge@6.0.3-bridge.17.tsgo.7.0.2
      vue:
        specifier: 3.5.43
        version: 3.5.43(typescript-native-bridge@6.0.3-bridge.17.tsgo.7.0.2)
      vue-tsc:
        specifier: 3.3.11
        version: 3.3.11(typescript-native-bridge@6.0.3-bridge.17.tsgo.7.0.2)

packages:

  '@babel/helper-string-parser@7.29.7':
    resolution: {integrity: sha512-Pb5ijPrZ89GDH8223L4UP8i6QApWxs04RbPQJTeWDV0/keR2E36MeKnyr6LYmUUvqRRI+Iv87SuF1W6ErINzYw==}
    engines: {node: '>=6.9.0'}

  '@babel/helper-validator-identifier@7.29.7':
    resolution: {integrity: sha512-qehxGkRj55h/ff8EMaJ+cYhyaKlHIxqYDn682wQD7RNp9UujOQsHog2uS0r2vzr4pW+sXf90NeeayjcNaX3fFg==}
    engines: {node: '>=6.9.0'}

  '@babel/parser@7.29.8':
    resolution: {integrity: sha512-E8lTAYNB1KW+FH+VGJuZM1ioAx2E6oVlvQFRrf5P8ZZmsiJXYAD9vTFV7yyEURNzgh1dFqMZuO6tUwcARbqFCA==}
    engines: {node: '>=6.0.0'}
    hasBin: true

  '@babel/types@7.29.8':
    resolution: {integrity: sha512-Vj1jF3cPfxg7OAfoI7QnVKLoILlm2JF9pnVHrX8qx7AHMiYWT+NDAA7jChlNgRS4WTLc/fD1lXLmPixluj+3Gg==}
    engines: {node: '>=6.9.0'}

  '@jridgewell/sourcemap-codec@1.6.0':
    resolution: {integrity: sha512-T7jf+5zgsZHwNJ4lvQ7/aezbyk0nNX+zJVWpmHA7VYsEx7a7qr5Rg5IbtJFqkgze5Y2sruq1RUY8Q837Od7iFw==}

  '@typescript-native-bridge/darwin-arm64@6.0.3-bridge.17.tsgo.7.0.2':
    resolution: {integrity: sha512-Vpg8so68YwnLB7IU+/j2bKjIvDaXY9oMY+k4VyesFpJLGTE4O6JAmOk8v6S6pHo7C417S6b3qIkvWjYGBkEiXQ==}
    cpu: [arm64]
    os: [darwin]

  '@typescript-native-bridge/darwin-x64@6.0.3-bridge.17.tsgo.7.0.2':
    resolution: {integrity: sha512-OWvfgOINl0+ALgsPhsXpNgCkpzefyV44StqmyUVXq7yzz9DEPynLPi9Giv6IMQE8vmdS4rOA7bs4i/DggamMtw==}
    cpu: [x64]
    os: [darwin]

  '@typescript-native-bridge/linux-arm64@6.0.3-bridge.17.tsgo.7.0.2':
    resolution: {integrity: sha512-TtDJqezDnZ1vm8CHzYtkceoA7ugo//NE9Mm3/zwVXdvYDxUCUlG9kDE5HUJlB3Xymi5opnTs6RroSLi10aENYQ==}
    cpu: [arm64]
    os: [linux]

  '@typescript-native-bridge/linux-arm@6.0.3-bridge.17.tsgo.7.0.2':
    resolution: {integrity: sha512-Hci0x6qA1/mCoWp4hDGOYG4RGtLrzY7AFN+jSlb4d/HT8N1Wge1MYgQzg7DWmg42D+PjQYoeGOcGf6QCQ2zq0A==}
    cpu: [arm]
    os: [linux]

  '@typescript-native-bridge/linux-x64@6.0.3-bridge.17.tsgo.7.0.2':
    resolution: {integrity: sha512-yGedsXO9a0nTGwZ/vI+tDZ9SD8HDu+TnQbYIlSMLTbtYl8CKXNCFVBvw8XEro6DDGo8CIB3uNYHUXPRwZ7CwOg==}
    cpu: [x64]
    os: [linux]

  '@typescript-native-bridge/win32-arm64@6.0.3-bridge.17.tsgo.7.0.2':
    resolution: {integrity: sha512-RMm/YbPyv0qMRJV1378DPddut8jHXRYvHpb2ETT2VOx/ehfc4jvDD0uysaqivU//JjxRS3J+39ldXD+00Lwr1A==}
    cpu: [arm64]
    os: [win32]

  '@typescript-native-bridge/win32-x64@6.0.3-bridge.17.tsgo.7.0.2':
    resolution: {integrity: sha512-gbTIfontb1I9SomZw5mXn+k2ekQnBkRu3lmCy4zuHvEqNFwFFA936CkwGpgifs/SK/fU2B2hGcksm1pQJ6w6mg==}
    cpu: [x64]
    os: [win32]

  '@volar/language-core@2.4.28':
    resolution: {integrity: sha512-w4qhIJ8ZSitgLAkVay6AbcnC7gP3glYM3fYwKV3srj8m494E3xtrCv6E+bWviiK/8hs6e6t1ij1s2Endql7vzQ==}

  '@volar/source-map@2.4.28':
    resolution: {integrity: sha512-yX2BDBqJkRXfKw8my8VarTyjv48QwxdJtvRgUpNE5erCsgEUdI2DsLbpa+rOQVAJYshY99szEcRDmyHbF10ggQ==}

  '@volar/typescript@2.4.28':
    resolution: {integrity: sha512-Ja6yvWrbis2QtN4ClAKreeUZPVYMARDYZl9LMEv1iQ1QdepB6wn0jTRxA9MftYmYa4DQ4k/DaSZpFPUfxl8giw==}

  '@vue/compiler-core@3.5.42':
    resolution: {integrity: sha512-2Ye1ilMtKXxl8qZUrQ5j0CdgenFp/HFQmta6rfRyfEsTG69L6Wk+tWuNoHYHMx9E8tF2Slvdg1FuwDvAXdy1LQ==}

  '@vue/compiler-core@3.5.43':
    resolution: {integrity: sha512-zdiLhnbe1QQqgDT8xZMpNmyqZ3qlI+/Q/FHQco57Kwl/b05HhCzN6eVGN9QU9rbga4CrS0H5SYY8VGHZCt/1Hg==}

  '@vue/compiler-dom@3.5.42':
    resolution: {integrity: sha512-qbhQZEFmycr+ni/qyuccS4sucNN7VAbDfbkvNxWOX2VfgFm90MNs3/UhRNKoPMEIVn0F8gdlYjLPvqxHwHeQOA==}

  '@vue/compiler-dom@3.5.43':
    resolution: {integrity: sha512-PEZoAk3NQmsn/ejMzSOCyTYqwGqczrWm70PuhBKjjv1+TCoQAaO/zOqNwjV+honlNstT5ILxtc+8r8UUfj+iEQ==}

  '@vue/compiler-sfc@3.5.43':
    resolution: {integrity: sha512-FCbrG3XNCRl+js3huuKx4IVHBLTvMkJhVepjbxSPu1gn4yWLaYtGNQdjJGZaMytXB6qb76qQDDmDSLy/vkmleQ==}

  '@vue/compiler-ssr@3.5.43':
    resolution: {integrity: sha512-GF62orf7KiJX9RqrHNGrYBudsQGD0OhJ5nDs90O8UiDuS40+YMYomiXu6w6EuvtXuRDc3MSNis3EaaSKAVSWpg==}

  '@vue/language-core@3.3.11':
    resolution: {integrity: sha512-QJmpliwAVpC/OxubIByPAhNzsQPRc8/gxlN2qnVzVfIMjMDz/9RnXRFoetjz5yEgXVXyp4LqhXq3V53PjmNzFw==}

  '@vue/reactivity@3.5.43':
    resolution: {integrity: sha512-G/c9GyOZNI2jVaaS6OX1EF1SSFSv7H0ERqNTl4+DTFMlZmB5eVAB53aLQNam/7NL2NPtaDD7RdVrzf8uJzMuOA==}

  '@vue/runtime-core@3.5.43':
    resolution: {integrity: sha512-hU6U6VnVhBGQDpvlnnDlIB8ZGJBiOcgk2lh/0InltHiz3D8oSkluvuvY+do1G2H3+udeKFsmaBlgVYP7gXQzEw==}

  '@vue/runtime-dom@3.5.43':
    resolution: {integrity: sha512-Bb2Jc0YjjJdMt1SJmb9b2L/IWd3I8lIT9x9eS/xvvP9CiVgna0ffua74xKRmt4/uSJ+0r4iN8ex1jrqkhQGWQw==}

  '@vue/server-renderer@3.5.43':
    resolution: {integrity: sha512-l2Ygjv9NehV94PSBxNWsAHC0j/eIIKbn92mBuWXAPGLnn6HfJ6MH5ubsd+Nk0YoZ5FRuxWI1P2VSoh+dbPQhCQ==}

  '@vue/shared@3.5.42':
    resolution: {integrity: sha512-2rPxex1jQf4jvl9MOHl6YaXCPcrNqz/FstMOEh3QWY+/OME9nQTvl9WYeCwhW7AFjaR0SnngZGlp/wkR6rkI6g==}

  '@vue/shared@3.5.43':
    resolution: {integrity: sha512-uksS7YGMR5NZyr4JNq0Rp+QyLns0ueaz20KwzIPW9R0LH1Vnt4E+XUM29PNseEbf1www2gOuhuDi5AKOIXag9Q==}

  alien-signals@3.2.1:
    resolution: {integrity: sha512-I8FjmltrfnDFoZedi5CG8DghVYNhzb/Ijluz7tCSJH0xpd0484Kowhbb1XDYOxfJpU1p5wnM2X54dA+IfGyD1g==}

  csstype@3.2.3:
    resolution: {integrity: sha512-z1HGKcYy2xA8AGQfwrn0PAy+PB7X/GSj3UVJW9qKyn43xWa+gl5nXmU4qqLMRzWVLFC8KusUX8T/0kCiOYpAIQ==}

  entities@7.0.1:
    resolution: {integrity: sha512-TWrgLOFUQTH994YUyl1yT4uyavY5nNB5muff+RtWaqNVCAK408b5ZnnbNAUEWLTCpum9w6arT70i1XdQ4UeOPA==}
    engines: {node: '>=0.12'}

  estree-walker@2.0.2:
    resolution: {integrity: sha512-Rfkk/Mp/DL7JVje3u18FxFujQlTNR2q6QfMSMB7AvCBx91NGj/ba3kCfza0f6dVDbw7YlRf/nDrn7pQrCCyQ/w==}

  magic-string@0.30.21:
    resolution: {integrity: sha512-vd2F4YUyEXKGcLHoq+TEyCjxueSeHnFxyyjNp80yg0XV4vUhnDer/lvvlqM/arB5bXQN5K2/3oinyCRyx8T2CQ==}

  muggle-string@0.4.1:
    resolution: {integrity: sha512-VNTrAak/KhO2i8dqqnqnAHOa3cYBwXEZe9h+D5h/1ZqFSTEFHdM65lR7RoIqq3tBBYavsOXV84NoHXZ0AkPyqQ==}

  nanoid@3.3.19:
    resolution: {integrity: sha512-Y2tUNy4ouw6tq5oDSKeQYGOyhkUBhNOcGV/02KC+6kd9eDGqdZd++mjMiIDilrBYvjEnCYvVtsuHCuP+okSfug==}
    engines: {node: ^10 || ^12 || ^13.7 || ^14 || >=15.0.1}
    hasBin: true

  path-browserify@1.0.1:
    resolution: {integrity: sha512-b7uo2UCUOYZcnF/3ID0lulOJi/bafxa1xPe7ZPsammBSpjSWQkjNxlt635YGS2MiR9GjvuXCtz2emr3jbsz98g==}

  picocolors@1.1.1:
    resolution: {integrity: sha512-xceH2snhtb5M9liqDsmEw56le376mTZkEX/jEb/RxNFyegNul7eNslCXP9FDj/Lcu0X8KEyMceP2ntpaHrDEVA==}

  picomatch@4.0.7:
    resolution: {integrity: sha512-qcJu88Q2IWqJsDD529JKMdwGm/dvInW4HvQnRwiH9JtihJvzGOscDtHE3x1pBKeUOTysQ8kVmLnJ2kJu7yhcGA==}
    engines: {node: '>=12'}

  postcss@8.5.28:
    resolution: {integrity: sha512-RRuzqDtt5Y9h3quz5hWhK+TPnsmVs6WwSU6LkJMeY4HstUEDuYTG8UJSdawMRzmzAtV+KEoG8N3Qg2qLy5vM/A==}
    engines: {node: ^10 || ^12 || >=14}

  source-map-js@1.2.1:
    resolution: {integrity: sha512-UXWMKhLOwVKb728IUtQPXxfYU+usdybtUrK/8uGE8CQMvrhOpwvzDBwj0QhSL7MQc7vIsISBG8VQ8+IDQxpfQA==}
    engines: {node: '>=0.10.0'}

  typescript-native-bridge@6.0.3-bridge.17.tsgo.7.0.2:
    resolution: {integrity: sha512-n4rPgV60szK0/nJjqXnETdrWCr70EysgH3FRheHL5UME1lRBJhDhUZOoLNulnXlqB+2SXSpxn4KKF3S3l7ZUFA==}
    engines: {node: '>=20.19'}
    hasBin: true

  vscode-uri@3.2.0:
    resolution: {integrity: sha512-m2gXo3bn0G1kT9InzMf07fTbqMbGtyckj3bH5ktLO+1Ssv+yiATZ4dhwaQv9UZWxJh6E9IFGnQyjgWVDWVBDrg==}

  vue-tsc@3.3.11:
    resolution: {integrity: sha512-gOb0B9rtU2+f1dszwPqSH5kAieIF9ReeLhD3kSRNHv5WZZUQz/JdVXW0RTdqhNTMlQkqKzrTTviqKr/4FYZraQ==}
    hasBin: true
    peerDependencies:
      typescript: '>=5.0.0'

  vue@3.5.43:
    resolution: {integrity: sha512-o5qZoksdnjIKvW1srZ3ab7pcDNYAerBjRe54D0LBLfRdCYFrSgBHVXokMas35czQc0//lmx4/tuY4ZNQ+Rf2Ng==}
    peerDependencies:
      typescript: '*'
    peerDependenciesMeta:
      typescript:
        optional: true

snapshots:

  '@babel/helper-string-parser@7.29.7': {}

  '@babel/helper-validator-identifier@7.29.7': {}

  '@babel/parser@7.29.8':
    dependencies:
      '@babel/types': 7.29.8

  '@babel/types@7.29.8':
    dependencies:
      '@babel/helper-string-parser': 7.29.7
      '@babel/helper-validator-identifier': 7.29.7

  '@jridgewell/sourcemap-codec@1.6.0': {}

  '@typescript-native-bridge/darwin-arm64@6.0.3-bridge.17.tsgo.7.0.2':
    optional: true

  '@typescript-native-bridge/darwin-x64@6.0.3-bridge.17.tsgo.7.0.2':
    optional: true

  '@typescript-native-bridge/linux-arm64@6.0.3-bridge.17.tsgo.7.0.2':
    optional: true

  '@typescript-native-bridge/linux-arm@6.0.3-bridge.17.tsgo.7.0.2':
    optional: true

  '@typescript-native-bridge/linux-x64@6.0.3-bridge.17.tsgo.7.0.2':
    optional: true

  '@typescript-native-bridge/win32-arm64@6.0.3-bridge.17.tsgo.7.0.2':
    optional: true

  '@typescript-native-bridge/win32-x64@6.0.3-bridge.17.tsgo.7.0.2':
    optional: true

  '@volar/language-core@2.4.28':
    dependencies:
      '@volar/source-map': 2.4.28

  '@volar/source-map@2.4.28': {}

  '@volar/typescript@2.4.28':
    dependencies:
      '@volar/language-core': 2.4.28
      path-browserify: 1.0.1
      vscode-uri: 3.2.0

  '@vue/compiler-core@3.5.42':
    dependencies:
      '@babel/parser': 7.29.8
      '@vue/shared': 3.5.42
      entities: 7.0.1
      estree-walker: 2.0.2
      source-map-js: 1.2.1

  '@vue/compiler-core@3.5.43':
    dependencies:
      '@babel/parser': 7.29.8
      '@vue/shared': 3.5.43
      entities: 7.0.1
      estree-walker: 2.0.2
      source-map-js: 1.2.1

  '@vue/compiler-dom@3.5.42':
    dependencies:
      '@vue/compiler-core': 3.5.42
      '@vue/shared': 3.5.42

  '@vue/compiler-dom@3.5.43':
    dependencies:
      '@vue/compiler-core': 3.5.43
      '@vue/shared': 3.5.43

  '@vue/compiler-sfc@3.5.43':
    dependencies:
      '@babel/parser': 7.29.8
      '@vue/compiler-core': 3.5.43
      '@vue/compiler-dom': 3.5.43
      '@vue/compiler-ssr': 3.5.43
      '@vue/shared': 3.5.43
      estree-walker: 2.0.2
      magic-string: 0.30.21
      postcss: 8.5.28
      source-map-js: 1.2.1

  '@vue/compiler-ssr@3.5.43':
    dependencies:
      '@vue/compiler-dom': 3.5.43
      '@vue/shared': 3.5.43

  '@vue/language-core@3.3.11':
    dependencies:
      '@volar/language-core': 2.4.28
      '@vue/compiler-dom': 3.5.42
      '@vue/shared': 3.5.42
      alien-signals: 3.2.1
      muggle-string: 0.4.1
      path-browserify: 1.0.1
      picomatch: 4.0.7

  '@vue/reactivity@3.5.43':
    dependencies:
      '@vue/shared': 3.5.43

  '@vue/runtime-core@3.5.43':
    dependencies:
      '@vue/reactivity': 3.5.43
      '@vue/shared': 3.5.43

  '@vue/runtime-dom@3.5.43':
    dependencies:
      '@vue/reactivity': 3.5.43
      '@vue/runtime-core': 3.5.43
      '@vue/shared': 3.5.43
      csstype: 3.2.3

  '@vue/server-renderer@3.5.43':
    dependencies:
      '@vue/compiler-ssr': 3.5.43
      '@vue/runtime-dom': 3.5.43
      '@vue/shared': 3.5.43

  '@vue/shared@3.5.42': {}

  '@vue/shared@3.5.43': {}

  alien-signals@3.2.1: {}

  csstype@3.2.3: {}

  entities@7.0.1: {}

  estree-walker@2.0.2: {}

  magic-string@0.30.21:
    dependencies:
      '@jridgewell/sourcemap-codec': 1.6.0

  muggle-string@0.4.1: {}

  nanoid@3.3.19: {}

  path-browserify@1.0.1: {}

  picocolors@1.1.1: {}

  picomatch@4.0.7: {}

  postcss@8.5.28:
    dependencies:
      nanoid: 3.3.19
      picocolors: 1.1.1
      source-map-js: 1.2.1

  source-map-js@1.2.1: {}

  typescript-native-bridge@6.0.3-bridge.17.tsgo.7.0.2:
    optionalDependencies:
      '@typescript-native-bridge/darwin-arm64': 6.0.3-bridge.17.tsgo.7.0.2
      '@typescript-native-bridge/darwin-x64': 6.0.3-bridge.17.tsgo.7.0.2
      '@typescript-native-bridge/linux-arm': 6.0.3-bridge.17.tsgo.7.0.2
      '@typescript-native-bridge/linux-arm64': 6.0.3-bridge.17.tsgo.7.0.2
      '@typescript-native-bridge/linux-x64': 6.0.3-bridge.17.tsgo.7.0.2
      '@typescript-native-bridge/win32-arm64': 6.0.3-bridge.17.tsgo.7.0.2
      '@typescript-native-bridge/win32-x64': 6.0.3-bridge.17.tsgo.7.0.2

  vscode-uri@3.2.0: {}

  vue-tsc@3.3.11(typescript-native-bridge@6.0.3-bridge.17.tsgo.7.0.2):
    dependencies:
      '@volar/typescript': 2.4.28
      '@vue/language-core': 3.3.11
      typescript: typescript-native-bridge@6.0.3-bridge.17.tsgo.7.0.2

  vue@3.5.43(typescript-native-bridge@6.0.3-bridge.17.tsgo.7.0.2):
    dependencies:
      '@vue/compiler-dom': 3.5.43
      '@vue/compiler-sfc': 3.5.43
      '@vue/runtime-dom': 3.5.43
      '@vue/server-renderer': 3.5.43
      '@vue/shared': 3.5.43
    optionalDependencies:
      typescript: typescript-native-bridge@6.0.3-bridge.17.tsgo.7.0.2
