lockfileVersion: '9.0'

settings:
  autoInstallPeers: true
  excludeLinksFromLockfile: false

importers:

  .:
    dependencies:
      typescript:
        specifier: npm:typescript-native-bridge@6.0.3-bridge.13.tsgo.7.0.2
        version: typescript-native-bridge@6.0.3-bridge.13.tsgo.7.0.2
      vue:
        specifier: 3.5.41
        version: 3.5.41(typescript-native-bridge@6.0.3-bridge.13.tsgo.7.0.2)
      vue-tsc:
        specifier: 3.3.10
        version: 3.3.10(typescript-native-bridge@6.0.3-bridge.13.tsgo.7.0.2)

packages:

  '@babel/helper-string-parser@7.29.7':
    resolution: {integrity: sha512-Pb5ijPrZ89GDH8223L4UP8i6QApWxs04RbPQJTeWDV0/keR2E36MeKnyr6LYmUUvqRRI+Iv87SuF1W6ErINzYw==}
    engines: {node: '>=6.9.0'}

  '@babel/helper-validator-identifier@7.29.7':
    resolution: {integrity: sha512-qehxGkRj55h/ff8EMaJ+cYhyaKlHIxqYDn682wQD7RNp9UujOQsHog2uS0r2vzr4pW+sXf90NeeayjcNaX3fFg==}
    engines: {node: '>=6.9.0'}

  '@babel/parser@7.29.7':
    resolution: {integrity: sha512-hnORnjP/1P/zFEndoeX+n+t1RwWRJiJpM/jO7FW32Kn9r5+sJB2JWOdYo4L6k78j15eCwY3Gm/7364B1EMwtNg==}
    engines: {node: '>=6.0.0'}
    hasBin: true

  '@babel/parser@7.29.8':
    resolution: {integrity: sha512-E8lTAYNB1KW+FH+VGJuZM1ioAx2E6oVlvQFRrf5P8ZZmsiJXYAD9vTFV7yyEURNzgh1dFqMZuO6tUwcARbqFCA==}
    engines: {node: '>=6.0.0'}
    hasBin: true

  '@babel/types@7.29.7':
    resolution: {integrity: sha512-4zBIxpPzowiZpusoFkyGVwakdRJUyuH5PxQ/PrqghfdFWWasvnCdPfQXHrenDai+gyLARulZjZowCOj6fjT4pA==}
    engines: {node: '>=6.9.0'}

  '@babel/types@7.29.8':
    resolution: {integrity: sha512-Vj1jF3cPfxg7OAfoI7QnVKLoILlm2JF9pnVHrX8qx7AHMiYWT+NDAA7jChlNgRS4WTLc/fD1lXLmPixluj+3Gg==}
    engines: {node: '>=6.9.0'}

  '@jridgewell/sourcemap-codec@1.5.5':
    resolution: {integrity: sha512-cYQ9310grqxueWbl+WuIUIaiUaDcj7WOq5fVhEljNVgRfOUhY9fy2zTvfoqWsnebh8Sl70VScFbICvJnLKB0Og==}

  '@typescript-native-bridge/darwin-arm64@6.0.3-bridge.13.tsgo.7.0.2':
    resolution: {integrity: sha512-/0jVVfwRRyppYXM8ktcOe7G+lsuw/y0Xvun++hutePiX/SWdtly6iuQzodwz+Opwcm1Bxdhefhi//nBvEm7cQQ==}
    cpu: [arm64]
    os: [darwin]

  '@typescript-native-bridge/darwin-x64@6.0.3-bridge.13.tsgo.7.0.2':
    resolution: {integrity: sha512-VUEyuE4qBbekMRJCW3/ZIfDVkyhtIP9SC1BlN50MqlHIEfoPEK/VMAjTjH1P1nkJAwXV9+3qBtJGeCU7nTHQSA==}
    cpu: [x64]
    os: [darwin]

  '@typescript-native-bridge/linux-arm64@6.0.3-bridge.13.tsgo.7.0.2':
    resolution: {integrity: sha512-HDPzYrf0/P6clyDsxHb1ZvjYg3PEHF5IGk9Ot3x1Td1d70FLl/fgwuOCf5dpFRYbNjORwHDQj9CJJ/SsJbr5OQ==}
    cpu: [arm64]
    os: [linux]

  '@typescript-native-bridge/linux-arm@6.0.3-bridge.13.tsgo.7.0.2':
    resolution: {integrity: sha512-TzycgBwIT3fKdceLMDRDtc8OfeJUKuYpc86CH0SS3ERocs+5nRf/w9yig2f4j1Klk1NCkzKrVJ7z9Gve2LBLUg==}
    cpu: [arm]
    os: [linux]

  '@typescript-native-bridge/linux-x64@6.0.3-bridge.13.tsgo.7.0.2':
    resolution: {integrity: sha512-S2RY3r4ktbI4U0vrfB/1E5/xwmkNzq1zTwTGwRnJHaOebgzZwdzbuYD72Z7QaoA8Quju5Vtlgsa5rvOp5n81xw==}
    cpu: [x64]
    os: [linux]

  '@typescript-native-bridge/win32-arm64@6.0.3-bridge.13.tsgo.7.0.2':
    resolution: {integrity: sha512-7b4Y1qCC3CCAsL5o/zvNWVhWTrQ29ThwsfpzKMcySPK32L3pR0+cZEtMW2lMDRGOnC53saqTA5IJNanXsnfZxQ==}
    cpu: [arm64]
    os: [win32]

  '@typescript-native-bridge/win32-x64@6.0.3-bridge.13.tsgo.7.0.2':
    resolution: {integrity: sha512-isjkrzp/4vck8VmhTNZLRu6iIabmczmnIaQIe4UQBlnAv821DFJy9zN2rl87GHylUFZIMbVwEmKxYELEJN1BXg==}
    cpu: [x64]
    os: [win32]

  '@volar/language-core@2.4.28':
    resolution: {integrity: sha512-w4qhIJ8ZSitgLAkVay6AbcnC7gP3glYM3fYwKV3srj8m494E3xtrCv6E+bWviiK/8hs6e6t1ij1s2Endql7vzQ==}

  '@volar/source-map@2.4.28':
    resolution: {integrity: sha512-yX2BDBqJkRXfKw8my8VarTyjv48QwxdJtvRgUpNE5erCsgEUdI2DsLbpa+rOQVAJYshY99szEcRDmyHbF10ggQ==}

  '@volar/typescript@2.4.28':
    resolution: {integrity: sha512-Ja6yvWrbis2QtN4ClAKreeUZPVYMARDYZl9LMEv1iQ1QdepB6wn0jTRxA9MftYmYa4DQ4k/DaSZpFPUfxl8giw==}

  '@vue/compiler-core@3.5.40':
    resolution: {integrity: sha512-39E8IgOhTbVDnoJFMKc2DvYnypcZwUqgUhQkccva/0m6FUwtIKSGV7n1hpVmYcFaoRAwf9pBcwnKlCEsN63ZEQ==}

  '@vue/compiler-core@3.5.41':
    resolution: {integrity: sha512-q0Xtv/F9w2YO/7htQhtiL+Ev2WCJbe5N2hc+XfgyKkEKqWpSxknmT8QOuGdEKNdjPq0c3F7rNpFkTo3Kfrm7pg==}

  '@vue/compiler-dom@3.5.40':
    resolution: {integrity: sha512-pwkx4vqlqOspFstrcmzwkKLePVMD3PT65imRzLhanU2V1Fj4K13g6OXjanOyzw3aTAuRk84BOmY8f3rEHqPaVA==}

  '@vue/compiler-dom@3.5.41':
    resolution: {integrity: sha512-oKacVfNglLvGjnS6BXOlGL7EyG2h8X03pqXCjzotRZUaXGjbrTJUnVAQjrCqUnS+lyu31nwQjZY/d817GmCnfw==}

  '@vue/compiler-sfc@3.5.41':
    resolution: {integrity: sha512-XJhip7R2wy6vX3knCxdZN4KracFaZUef58s1KYewqluedHIJaPIVfXoYT7MF1F8nCvv6k8bWWxDC8opMkg1VTQ==}

  '@vue/compiler-ssr@3.5.41':
    resolution: {integrity: sha512-U3v5OejKEGqOI0Wy0+Sz7hGuIFZHA4LSXzrNM3IMIeDyJEBBfTpX26n3SDgToRpP2bLc9FfI2j/kSgcJ8Emq5A==}

  '@vue/language-core@3.3.10':
    resolution: {integrity: sha512-CR7ByBbgPHqhxrioKPOcZBqttaozzLNwtkCzXQ+uF8gLPHnUe03srPnGpdtHD3zp+bq5iyVkZ1WNx7W564RPwg==}

  '@vue/reactivity@3.5.41':
    resolution: {integrity: sha512-rznsqKM0np0x18EjzF8x88MpEhdNsffbvFbckLL5+oUKz1BxAImEmO7J1ArRYSyo6aQaVoBDp7jEkT91OOxydA==}

  '@vue/runtime-core@3.5.41':
    resolution: {integrity: sha512-Vcry58hiAKwGen9Z1jUZE0feFsNArPCMOImYI8el48A9Idf6DuQYD0U05zZIF2Iad1hGhPSvcbBbAOhNr55fhg==}

  '@vue/runtime-dom@3.5.41':
    resolution: {integrity: sha512-3vVBahVBS9+U6cmXBLyb8nE6/yYo4J/CGI9eVFs3KiMc0YHuudwKyShTD65jtJy/L9PUUxNAFu4cj4LiJ0UFbw==}

  '@vue/server-renderer@3.5.41':
    resolution: {integrity: sha512-n6hx/pNFfbD6SuyeuMVkvqox8bwf/ET9JlA/kAz/imw8sw++wkqKe2mHX5KutjPpbKE4Z56yTHszoOjGMI9igQ==}

  '@vue/shared@3.5.40':
    resolution: {integrity: sha512-WxnBtruIqOoV3rA4jeKDWzrYI5h7Cp4+pjwDi8kWGHz+IslhiN+wguLVVhtv2l8VoU02rzDCVfDjgCl1lNpZVg==}

  '@vue/shared@3.5.41':
    resolution: {integrity: sha512-IOnwSCma8j+9xJT6b8H0dEYidC80NsYmNMlZxRsukYcSoGaDBohog5hDxzeUXdFeGWFA++vWvxqOmrr96VlqMA==}

  alien-signals@3.2.1:
    resolution: {integrity: sha512-I8FjmltrfnDFoZedi5CG8DghVYNhzb/Ijluz7tCSJH0xpd0484Kowhbb1XDYOxfJpU1p5wnM2X54dA+IfGyD1g==}

  csstype@3.2.3:
    resolution: {integrity: sha512-z1HGKcYy2xA8AGQfwrn0PAy+PB7X/GSj3UVJW9qKyn43xWa+gl5nXmU4qqLMRzWVLFC8KusUX8T/0kCiOYpAIQ==}

  entities@7.0.1:
    resolution: {integrity: sha512-TWrgLOFUQTH994YUyl1yT4uyavY5nNB5muff+RtWaqNVCAK408b5ZnnbNAUEWLTCpum9w6arT70i1XdQ4UeOPA==}
    engines: {node: '>=0.12'}

  estree-walker@2.0.2:
    resolution: {integrity: sha512-Rfkk/Mp/DL7JVje3u18FxFujQlTNR2q6QfMSMB7AvCBx91NGj/ba3kCfza0f6dVDbw7YlRf/nDrn7pQrCCyQ/w==}

  magic-string@0.30.21:
    resolution: {integrity: sha512-vd2F4YUyEXKGcLHoq+TEyCjxueSeHnFxyyjNp80yg0XV4vUhnDer/lvvlqM/arB5bXQN5K2/3oinyCRyx8T2CQ==}

  muggle-string@0.4.1:
    resolution: {integrity: sha512-VNTrAak/KhO2i8dqqnqnAHOa3cYBwXEZe9h+D5h/1ZqFSTEFHdM65lR7RoIqq3tBBYavsOXV84NoHXZ0AkPyqQ==}

  nanoid@3.3.16:
    resolution: {integrity: sha512-bzlKTyNJ7+LdGIIwy8ijFpIqEQIvafahV7eYykJ8Cvh42EdJeODoJ6gUJXpQJvej1BddH8OqTXZNE/KfbWAu8Q==}
    engines: {node: ^10 || ^12 || ^13.7 || ^14 || >=15.0.1}
    hasBin: true

  path-browserify@1.0.1:
    resolution: {integrity: sha512-b7uo2UCUOYZcnF/3ID0lulOJi/bafxa1xPe7ZPsammBSpjSWQkjNxlt635YGS2MiR9GjvuXCtz2emr3jbsz98g==}

  picocolors@1.1.1:
    resolution: {integrity: sha512-xceH2snhtb5M9liqDsmEw56le376mTZkEX/jEb/RxNFyegNul7eNslCXP9FDj/Lcu0X8KEyMceP2ntpaHrDEVA==}

  picomatch@4.0.5:
    resolution: {integrity: sha512-RvwwcruNjI1ncT5xRakeyS9Lf8lcItv34KD+aif+VH9kduAyfYBipGh12274xtenIPZ119/R9BdTBa8gAwSh0A==}
    engines: {node: '>=12'}

  postcss@8.5.23:
    resolution: {integrity: sha512-g50586zr4bZmwFiTlflMu8E0bDTb5I5gertgwAKmsdUlTQIhZtunzUlD1WSzwcVWPoAVpsrA6vlfCD7oXvRwgg==}
    engines: {node: ^10 || ^12 || >=14}

  source-map-js@1.2.1:
    resolution: {integrity: sha512-UXWMKhLOwVKb728IUtQPXxfYU+usdybtUrK/8uGE8CQMvrhOpwvzDBwj0QhSL7MQc7vIsISBG8VQ8+IDQxpfQA==}
    engines: {node: '>=0.10.0'}

  typescript-native-bridge@6.0.3-bridge.13.tsgo.7.0.2:
    resolution: {integrity: sha512-IPTxG5aruadUIHSx+GUY+v409wGtL8UBgdIV1Rik8ZESo1q/MwCRvwrAgB43yKyd81Dm+qugQ5w+qhlV7y2GgQ==}
    engines: {node: '>=20.19'}
    hasBin: true

  vscode-uri@3.1.0:
    resolution: {integrity: sha512-/BpdSx+yCQGnCvecbyXdxHDkuk55/G3xwnC0GqY4gmQ3j+A+g8kzzgB4Nk/SINjqn6+waqw3EgbVF2QKExkRxQ==}

  vue-tsc@3.3.10:
    resolution: {integrity: sha512-YaDVxcW+CGtaOt3pZahMG5jYPx0hsUTxyEoPOTSMebcGUXP9lIBabQ14vfKMORb2CqqK5CxsNo/d1d+4IQwiKg==}
    hasBin: true
    peerDependencies:
      typescript: '>=5.0.0'

  vue@3.5.41:
    resolution: {integrity: sha512-2laE0p+aK+/AOPG/XL/WepOs/GlK755LJ1XECi9kDUrz1FKNw8rb2Xzlw9JS1rqEV55nb0ttsKxVlTCcd+R5cg==}
    peerDependencies:
      typescript: '*'
    peerDependenciesMeta:
      typescript:
        optional: true

snapshots:

  '@babel/helper-string-parser@7.29.7': {}

  '@babel/helper-validator-identifier@7.29.7': {}

  '@babel/parser@7.29.7':
    dependencies:
      '@babel/types': 7.29.7

  '@babel/parser@7.29.8':
    dependencies:
      '@babel/types': 7.29.8

  '@babel/types@7.29.7':
    dependencies:
      '@babel/helper-string-parser': 7.29.7
      '@babel/helper-validator-identifier': 7.29.7

  '@babel/types@7.29.8':
    dependencies:
      '@babel/helper-string-parser': 7.29.7
      '@babel/helper-validator-identifier': 7.29.7

  '@jridgewell/sourcemap-codec@1.5.5': {}

  '@typescript-native-bridge/darwin-arm64@6.0.3-bridge.13.tsgo.7.0.2':
    optional: true

  '@typescript-native-bridge/darwin-x64@6.0.3-bridge.13.tsgo.7.0.2':
    optional: true

  '@typescript-native-bridge/linux-arm64@6.0.3-bridge.13.tsgo.7.0.2':
    optional: true

  '@typescript-native-bridge/linux-arm@6.0.3-bridge.13.tsgo.7.0.2':
    optional: true

  '@typescript-native-bridge/linux-x64@6.0.3-bridge.13.tsgo.7.0.2':
    optional: true

  '@typescript-native-bridge/win32-arm64@6.0.3-bridge.13.tsgo.7.0.2':
    optional: true

  '@typescript-native-bridge/win32-x64@6.0.3-bridge.13.tsgo.7.0.2':
    optional: true

  '@volar/language-core@2.4.28':
    dependencies:
      '@volar/source-map': 2.4.28

  '@volar/source-map@2.4.28': {}

  '@volar/typescript@2.4.28':
    dependencies:
      '@volar/language-core': 2.4.28
      path-browserify: 1.0.1
      vscode-uri: 3.1.0

  '@vue/compiler-core@3.5.40':
    dependencies:
      '@babel/parser': 7.29.7
      '@vue/shared': 3.5.40
      entities: 7.0.1
      estree-walker: 2.0.2
      source-map-js: 1.2.1

  '@vue/compiler-core@3.5.41':
    dependencies:
      '@babel/parser': 7.29.8
      '@vue/shared': 3.5.41
      entities: 7.0.1
      estree-walker: 2.0.2
      source-map-js: 1.2.1

  '@vue/compiler-dom@3.5.40':
    dependencies:
      '@vue/compiler-core': 3.5.40
      '@vue/shared': 3.5.40

  '@vue/compiler-dom@3.5.41':
    dependencies:
      '@vue/compiler-core': 3.5.41
      '@vue/shared': 3.5.41

  '@vue/compiler-sfc@3.5.41':
    dependencies:
      '@babel/parser': 7.29.8
      '@vue/compiler-core': 3.5.41
      '@vue/compiler-dom': 3.5.41
      '@vue/compiler-ssr': 3.5.41
      '@vue/shared': 3.5.41
      estree-walker: 2.0.2
      magic-string: 0.30.21
      postcss: 8.5.23
      source-map-js: 1.2.1

  '@vue/compiler-ssr@3.5.41':
    dependencies:
      '@vue/compiler-dom': 3.5.41
      '@vue/shared': 3.5.41

  '@vue/language-core@3.3.10':
    dependencies:
      '@volar/language-core': 2.4.28
      '@vue/compiler-dom': 3.5.40
      '@vue/shared': 3.5.40
      alien-signals: 3.2.1
      muggle-string: 0.4.1
      path-browserify: 1.0.1
      picomatch: 4.0.5

  '@vue/reactivity@3.5.41':
    dependencies:
      '@vue/shared': 3.5.41

  '@vue/runtime-core@3.5.41':
    dependencies:
      '@vue/reactivity': 3.5.41
      '@vue/shared': 3.5.41

  '@vue/runtime-dom@3.5.41':
    dependencies:
      '@vue/reactivity': 3.5.41
      '@vue/runtime-core': 3.5.41
      '@vue/shared': 3.5.41
      csstype: 3.2.3

  '@vue/server-renderer@3.5.41':
    dependencies:
      '@vue/compiler-ssr': 3.5.41
      '@vue/runtime-dom': 3.5.41
      '@vue/shared': 3.5.41

  '@vue/shared@3.5.40': {}

  '@vue/shared@3.5.41': {}

  alien-signals@3.2.1: {}

  csstype@3.2.3: {}

  entities@7.0.1: {}

  estree-walker@2.0.2: {}

  magic-string@0.30.21:
    dependencies:
      '@jridgewell/sourcemap-codec': 1.5.5

  muggle-string@0.4.1: {}

  nanoid@3.3.16: {}

  path-browserify@1.0.1: {}

  picocolors@1.1.1: {}

  picomatch@4.0.5: {}

  postcss@8.5.23:
    dependencies:
      nanoid: 3.3.16
      picocolors: 1.1.1
      source-map-js: 1.2.1

  source-map-js@1.2.1: {}

  typescript-native-bridge@6.0.3-bridge.13.tsgo.7.0.2:
    optionalDependencies:
      '@typescript-native-bridge/darwin-arm64': 6.0.3-bridge.13.tsgo.7.0.2
      '@typescript-native-bridge/darwin-x64': 6.0.3-bridge.13.tsgo.7.0.2
      '@typescript-native-bridge/linux-arm': 6.0.3-bridge.13.tsgo.7.0.2
      '@typescript-native-bridge/linux-arm64': 6.0.3-bridge.13.tsgo.7.0.2
      '@typescript-native-bridge/linux-x64': 6.0.3-bridge.13.tsgo.7.0.2
      '@typescript-native-bridge/win32-arm64': 6.0.3-bridge.13.tsgo.7.0.2
      '@typescript-native-bridge/win32-x64': 6.0.3-bridge.13.tsgo.7.0.2

  vscode-uri@3.1.0: {}

  vue-tsc@3.3.10(typescript-native-bridge@6.0.3-bridge.13.tsgo.7.0.2):
    dependencies:
      '@volar/typescript': 2.4.28
      '@vue/language-core': 3.3.10
      typescript: typescript-native-bridge@6.0.3-bridge.13.tsgo.7.0.2

  vue@3.5.41(typescript-native-bridge@6.0.3-bridge.13.tsgo.7.0.2):
    dependencies:
      '@vue/compiler-dom': 3.5.41
      '@vue/compiler-sfc': 3.5.41
      '@vue/runtime-dom': 3.5.41
      '@vue/server-renderer': 3.5.41
      '@vue/shared': 3.5.41
    optionalDependencies:
      typescript: typescript-native-bridge@6.0.3-bridge.13.tsgo.7.0.2
