lockfileVersion: '9.0'

settings:
  autoInstallPeers: true
  excludeLinksFromLockfile: false

importers:

  .:
    dependencies:
      typescript:
        specifier: npm:typescript-native-bridge@6.0.3-bridge.15.tsgo.7.0.2
        version: typescript-native-bridge@6.0.3-bridge.15.tsgo.7.0.2
      vue:
        specifier: 3.5.42
        version: 3.5.42(typescript-native-bridge@6.0.3-bridge.15.tsgo.7.0.2)
      vue-tsc:
        specifier: 3.3.11
        version: 3.3.11(typescript-native-bridge@6.0.3-bridge.15.tsgo.7.0.2)

packages:

  '@babel/helper-string-parser@7.29.7':
    resolution: {integrity: sha512-Pb5ijPrZ89GDH8223L4UP8i6QApWxs04RbPQJTeWDV0/keR2E36MeKnyr6LYmUUvqRRI+Iv87SuF1W6ErINzYw==}
    engines: {node: '>=6.9.0'}

  '@babel/helper-validator-identifier@7.29.7':
    resolution: {integrity: sha512-qehxGkRj55h/ff8EMaJ+cYhyaKlHIxqYDn682wQD7RNp9UujOQsHog2uS0r2vzr4pW+sXf90NeeayjcNaX3fFg==}
    engines: {node: '>=6.9.0'}

  '@babel/parser@7.29.8':
    resolution: {integrity: sha512-E8lTAYNB1KW+FH+VGJuZM1ioAx2E6oVlvQFRrf5P8ZZmsiJXYAD9vTFV7yyEURNzgh1dFqMZuO6tUwcARbqFCA==}
    engines: {node: '>=6.0.0'}
    hasBin: true

  '@babel/types@7.29.8':
    resolution: {integrity: sha512-Vj1jF3cPfxg7OAfoI7QnVKLoILlm2JF9pnVHrX8qx7AHMiYWT+NDAA7jChlNgRS4WTLc/fD1lXLmPixluj+3Gg==}
    engines: {node: '>=6.9.0'}

  '@jridgewell/sourcemap-codec@1.5.5':
    resolution: {integrity: sha512-cYQ9310grqxueWbl+WuIUIaiUaDcj7WOq5fVhEljNVgRfOUhY9fy2zTvfoqWsnebh8Sl70VScFbICvJnLKB0Og==}

  '@typescript-native-bridge/darwin-arm64@6.0.3-bridge.15.tsgo.7.0.2':
    resolution: {integrity: sha512-nrhPj8nED29uhZH2V7yHXFPy5O8ro5vRMVnChO1CvMf8tDg9tlhlBPFeeYgvp001upBRZu8JmTYw1wpcRUvDVA==}
    cpu: [arm64]
    os: [darwin]

  '@typescript-native-bridge/darwin-x64@6.0.3-bridge.15.tsgo.7.0.2':
    resolution: {integrity: sha512-JiS2e3W+Vtr8u/oTYeTdCK7S+seB2cBz3l7gQYuon4oTiHS0Mi+YGEYhSG2v2iuRkTMcrVrr9+XazwMcPlIW+Q==}
    cpu: [x64]
    os: [darwin]

  '@typescript-native-bridge/linux-arm64@6.0.3-bridge.15.tsgo.7.0.2':
    resolution: {integrity: sha512-BFkIGbpdRf+iNK0IHCKUYAvAIQ4tnTRegNU+BLaYUbQ5ER/YGytSzKQqh2c2zls1H+Gc0DyZcDsBIFr0gC6BDg==}
    cpu: [arm64]
    os: [linux]

  '@typescript-native-bridge/linux-arm@6.0.3-bridge.15.tsgo.7.0.2':
    resolution: {integrity: sha512-VlvPkt0x7ShuPmI58wSsS7VBa9uq4fQtaz82GC8yK1bFP+FdHcLJleM2SyAvHpxyd8nIyKMzcJolY+qffaBRUg==}
    cpu: [arm]
    os: [linux]

  '@typescript-native-bridge/linux-x64@6.0.3-bridge.15.tsgo.7.0.2':
    resolution: {integrity: sha512-QB6q8kNk5HO/mc3iyJBx1I7mx2+ObNxK/SgeX18gVydcooVdjLYv9lSDjv/FuA9iYzuhYjfrOuRxuhxKoAOcmQ==}
    cpu: [x64]
    os: [linux]

  '@typescript-native-bridge/win32-arm64@6.0.3-bridge.15.tsgo.7.0.2':
    resolution: {integrity: sha512-ZWY1I/6dsInK3S2ue4sKHj3zp3nmqD+9iqq7LfjELNjjYSUvseYfqv3170zeqZV2PQRzjA3Qtd85pkYr0SQDEQ==}
    cpu: [arm64]
    os: [win32]

  '@typescript-native-bridge/win32-x64@6.0.3-bridge.15.tsgo.7.0.2':
    resolution: {integrity: sha512-LqaVPjvllVQm/OfID0z9ubDPEuO6asNOH/qrV1xTGFxgHRRn8UUz3/te4zaERalVRgwNWYlSbzSQb+jttLjvMA==}
    cpu: [x64]
    os: [win32]

  '@volar/language-core@2.4.28':
    resolution: {integrity: sha512-w4qhIJ8ZSitgLAkVay6AbcnC7gP3glYM3fYwKV3srj8m494E3xtrCv6E+bWviiK/8hs6e6t1ij1s2Endql7vzQ==}

  '@volar/source-map@2.4.28':
    resolution: {integrity: sha512-yX2BDBqJkRXfKw8my8VarTyjv48QwxdJtvRgUpNE5erCsgEUdI2DsLbpa+rOQVAJYshY99szEcRDmyHbF10ggQ==}

  '@volar/typescript@2.4.28':
    resolution: {integrity: sha512-Ja6yvWrbis2QtN4ClAKreeUZPVYMARDYZl9LMEv1iQ1QdepB6wn0jTRxA9MftYmYa4DQ4k/DaSZpFPUfxl8giw==}

  '@vue/compiler-core@3.5.41':
    resolution: {integrity: sha512-q0Xtv/F9w2YO/7htQhtiL+Ev2WCJbe5N2hc+XfgyKkEKqWpSxknmT8QOuGdEKNdjPq0c3F7rNpFkTo3Kfrm7pg==}

  '@vue/compiler-core@3.5.42':
    resolution: {integrity: sha512-2Ye1ilMtKXxl8qZUrQ5j0CdgenFp/HFQmta6rfRyfEsTG69L6Wk+tWuNoHYHMx9E8tF2Slvdg1FuwDvAXdy1LQ==}

  '@vue/compiler-dom@3.5.41':
    resolution: {integrity: sha512-oKacVfNglLvGjnS6BXOlGL7EyG2h8X03pqXCjzotRZUaXGjbrTJUnVAQjrCqUnS+lyu31nwQjZY/d817GmCnfw==}

  '@vue/compiler-dom@3.5.42':
    resolution: {integrity: sha512-qbhQZEFmycr+ni/qyuccS4sucNN7VAbDfbkvNxWOX2VfgFm90MNs3/UhRNKoPMEIVn0F8gdlYjLPvqxHwHeQOA==}

  '@vue/compiler-sfc@3.5.42':
    resolution: {integrity: sha512-fkCAFB4okcAANGMThboWnScp/gzWjU0ZSkVnjTIiplmMDq2uq0tIB3j+xVu4rhv5rvOgBySCysudmbMd6xRRqw==}

  '@vue/compiler-ssr@3.5.42':
    resolution: {integrity: sha512-xmLk3wLkbizPAiLyomjgFFosf2ys9b5Ghb+oh/k2tnvipNz8OFrQOiTcWCzyK7MpBp9KkyGtfvgfLUivbmuGYA==}

  '@vue/language-core@3.3.11':
    resolution: {integrity: sha512-QJmpliwAVpC/OxubIByPAhNzsQPRc8/gxlN2qnVzVfIMjMDz/9RnXRFoetjz5yEgXVXyp4LqhXq3V53PjmNzFw==}

  '@vue/reactivity@3.5.42':
    resolution: {integrity: sha512-TzNNfKpb7hDxbQltwAut8VDQA5YP+BuRlxntHUuRjyKwlMvmAPbs3unhCvieijifY6vFfVBwsS7wG/C7uq+bEQ==}

  '@vue/runtime-core@3.5.42':
    resolution: {integrity: sha512-9uACtuHs7vJGkm5Bp3xu4xRDLFTIYy5DgxpToVjqGIAhAEKwQfsaLvKINhM6nFVp6bZPRFGdDqd1g52MqKsotA==}

  '@vue/runtime-dom@3.5.42':
    resolution: {integrity: sha512-rsCmhiWLaRxGltLwhlCWyYkFn7WAbKRh0q17eZ1A6Dq6eqc2ACQ61IIryxz0LrsvCzHSilLA9JHovVwM8CNE2g==}

  '@vue/server-renderer@3.5.42':
    resolution: {integrity: sha512-2++5dUyYS4gvo7xQXSECUDhB7TS0aOl5SeVfC5qSq1Jgfhjvegw1zqhwTIR3imZ+QYPJQw9gfcFvXGAjGZ7ajQ==}

  '@vue/shared@3.5.41':
    resolution: {integrity: sha512-IOnwSCma8j+9xJT6b8H0dEYidC80NsYmNMlZxRsukYcSoGaDBohog5hDxzeUXdFeGWFA++vWvxqOmrr96VlqMA==}

  '@vue/shared@3.5.42':
    resolution: {integrity: sha512-2rPxex1jQf4jvl9MOHl6YaXCPcrNqz/FstMOEh3QWY+/OME9nQTvl9WYeCwhW7AFjaR0SnngZGlp/wkR6rkI6g==}

  alien-signals@3.2.1:
    resolution: {integrity: sha512-I8FjmltrfnDFoZedi5CG8DghVYNhzb/Ijluz7tCSJH0xpd0484Kowhbb1XDYOxfJpU1p5wnM2X54dA+IfGyD1g==}

  csstype@3.2.3:
    resolution: {integrity: sha512-z1HGKcYy2xA8AGQfwrn0PAy+PB7X/GSj3UVJW9qKyn43xWa+gl5nXmU4qqLMRzWVLFC8KusUX8T/0kCiOYpAIQ==}

  entities@7.0.1:
    resolution: {integrity: sha512-TWrgLOFUQTH994YUyl1yT4uyavY5nNB5muff+RtWaqNVCAK408b5ZnnbNAUEWLTCpum9w6arT70i1XdQ4UeOPA==}
    engines: {node: '>=0.12'}

  estree-walker@2.0.2:
    resolution: {integrity: sha512-Rfkk/Mp/DL7JVje3u18FxFujQlTNR2q6QfMSMB7AvCBx91NGj/ba3kCfza0f6dVDbw7YlRf/nDrn7pQrCCyQ/w==}

  magic-string@0.30.21:
    resolution: {integrity: sha512-vd2F4YUyEXKGcLHoq+TEyCjxueSeHnFxyyjNp80yg0XV4vUhnDer/lvvlqM/arB5bXQN5K2/3oinyCRyx8T2CQ==}

  muggle-string@0.4.1:
    resolution: {integrity: sha512-VNTrAak/KhO2i8dqqnqnAHOa3cYBwXEZe9h+D5h/1ZqFSTEFHdM65lR7RoIqq3tBBYavsOXV84NoHXZ0AkPyqQ==}

  nanoid@3.3.16:
    resolution: {integrity: sha512-bzlKTyNJ7+LdGIIwy8ijFpIqEQIvafahV7eYykJ8Cvh42EdJeODoJ6gUJXpQJvej1BddH8OqTXZNE/KfbWAu8Q==}
    engines: {node: ^10 || ^12 || ^13.7 || ^14 || >=15.0.1}
    hasBin: true

  path-browserify@1.0.1:
    resolution: {integrity: sha512-b7uo2UCUOYZcnF/3ID0lulOJi/bafxa1xPe7ZPsammBSpjSWQkjNxlt635YGS2MiR9GjvuXCtz2emr3jbsz98g==}

  picocolors@1.1.1:
    resolution: {integrity: sha512-xceH2snhtb5M9liqDsmEw56le376mTZkEX/jEb/RxNFyegNul7eNslCXP9FDj/Lcu0X8KEyMceP2ntpaHrDEVA==}

  picomatch@4.0.5:
    resolution: {integrity: sha512-RvwwcruNjI1ncT5xRakeyS9Lf8lcItv34KD+aif+VH9kduAyfYBipGh12274xtenIPZ119/R9BdTBa8gAwSh0A==}
    engines: {node: '>=12'}

  postcss@8.5.23:
    resolution: {integrity: sha512-g50586zr4bZmwFiTlflMu8E0bDTb5I5gertgwAKmsdUlTQIhZtunzUlD1WSzwcVWPoAVpsrA6vlfCD7oXvRwgg==}
    engines: {node: ^10 || ^12 || >=14}

  source-map-js@1.2.1:
    resolution: {integrity: sha512-UXWMKhLOwVKb728IUtQPXxfYU+usdybtUrK/8uGE8CQMvrhOpwvzDBwj0QhSL7MQc7vIsISBG8VQ8+IDQxpfQA==}
    engines: {node: '>=0.10.0'}

  typescript-native-bridge@6.0.3-bridge.15.tsgo.7.0.2:
    resolution: {integrity: sha512-utlvj8zRana8mutK9LgoPLtMcMT/j/0ot5eh/YUJgDSVQUGLIC6m6Dwt1SP820HMJZI3Yg8fXnqFrkDaa2Gk4g==}
    engines: {node: '>=20.19'}
    hasBin: true

  vscode-uri@3.1.0:
    resolution: {integrity: sha512-/BpdSx+yCQGnCvecbyXdxHDkuk55/G3xwnC0GqY4gmQ3j+A+g8kzzgB4Nk/SINjqn6+waqw3EgbVF2QKExkRxQ==}

  vue-tsc@3.3.11:
    resolution: {integrity: sha512-gOb0B9rtU2+f1dszwPqSH5kAieIF9ReeLhD3kSRNHv5WZZUQz/JdVXW0RTdqhNTMlQkqKzrTTviqKr/4FYZraQ==}
    hasBin: true
    peerDependencies:
      typescript: '>=5.0.0'

  vue@3.5.42:
    resolution: {integrity: sha512-4RyHQTbQvOPs3MfvUO1Sg0YRrKNnA0mAVtvpd12Tg1fKDN7OHBUl1IqSn8zGJjK9nI3NkNp8cgTpVrSZC5TTcA==}
    peerDependencies:
      typescript: '*'
    peerDependenciesMeta:
      typescript:
        optional: true

snapshots:

  '@babel/helper-string-parser@7.29.7': {}

  '@babel/helper-validator-identifier@7.29.7': {}

  '@babel/parser@7.29.8':
    dependencies:
      '@babel/types': 7.29.8

  '@babel/types@7.29.8':
    dependencies:
      '@babel/helper-string-parser': 7.29.7
      '@babel/helper-validator-identifier': 7.29.7

  '@jridgewell/sourcemap-codec@1.5.5': {}

  '@typescript-native-bridge/darwin-arm64@6.0.3-bridge.15.tsgo.7.0.2':
    optional: true

  '@typescript-native-bridge/darwin-x64@6.0.3-bridge.15.tsgo.7.0.2':
    optional: true

  '@typescript-native-bridge/linux-arm64@6.0.3-bridge.15.tsgo.7.0.2':
    optional: true

  '@typescript-native-bridge/linux-arm@6.0.3-bridge.15.tsgo.7.0.2':
    optional: true

  '@typescript-native-bridge/linux-x64@6.0.3-bridge.15.tsgo.7.0.2':
    optional: true

  '@typescript-native-bridge/win32-arm64@6.0.3-bridge.15.tsgo.7.0.2':
    optional: true

  '@typescript-native-bridge/win32-x64@6.0.3-bridge.15.tsgo.7.0.2':
    optional: true

  '@volar/language-core@2.4.28':
    dependencies:
      '@volar/source-map': 2.4.28

  '@volar/source-map@2.4.28': {}

  '@volar/typescript@2.4.28':
    dependencies:
      '@volar/language-core': 2.4.28
      path-browserify: 1.0.1
      vscode-uri: 3.1.0

  '@vue/compiler-core@3.5.41':
    dependencies:
      '@babel/parser': 7.29.8
      '@vue/shared': 3.5.41
      entities: 7.0.1
      estree-walker: 2.0.2
      source-map-js: 1.2.1

  '@vue/compiler-core@3.5.42':
    dependencies:
      '@babel/parser': 7.29.8
      '@vue/shared': 3.5.42
      entities: 7.0.1
      estree-walker: 2.0.2
      source-map-js: 1.2.1

  '@vue/compiler-dom@3.5.41':
    dependencies:
      '@vue/compiler-core': 3.5.41
      '@vue/shared': 3.5.41

  '@vue/compiler-dom@3.5.42':
    dependencies:
      '@vue/compiler-core': 3.5.42
      '@vue/shared': 3.5.42

  '@vue/compiler-sfc@3.5.42':
    dependencies:
      '@babel/parser': 7.29.8
      '@vue/compiler-core': 3.5.42
      '@vue/compiler-dom': 3.5.42
      '@vue/compiler-ssr': 3.5.42
      '@vue/shared': 3.5.42
      estree-walker: 2.0.2
      magic-string: 0.30.21
      postcss: 8.5.23
      source-map-js: 1.2.1

  '@vue/compiler-ssr@3.5.42':
    dependencies:
      '@vue/compiler-dom': 3.5.42
      '@vue/shared': 3.5.42

  '@vue/language-core@3.3.11':
    dependencies:
      '@volar/language-core': 2.4.28
      '@vue/compiler-dom': 3.5.41
      '@vue/shared': 3.5.41
      alien-signals: 3.2.1
      muggle-string: 0.4.1
      path-browserify: 1.0.1
      picomatch: 4.0.5

  '@vue/reactivity@3.5.42':
    dependencies:
      '@vue/shared': 3.5.42

  '@vue/runtime-core@3.5.42':
    dependencies:
      '@vue/reactivity': 3.5.42
      '@vue/shared': 3.5.42

  '@vue/runtime-dom@3.5.42':
    dependencies:
      '@vue/reactivity': 3.5.42
      '@vue/runtime-core': 3.5.42
      '@vue/shared': 3.5.42
      csstype: 3.2.3

  '@vue/server-renderer@3.5.42':
    dependencies:
      '@vue/compiler-ssr': 3.5.42
      '@vue/runtime-dom': 3.5.42
      '@vue/shared': 3.5.42

  '@vue/shared@3.5.41': {}

  '@vue/shared@3.5.42': {}

  alien-signals@3.2.1: {}

  csstype@3.2.3: {}

  entities@7.0.1: {}

  estree-walker@2.0.2: {}

  magic-string@0.30.21:
    dependencies:
      '@jridgewell/sourcemap-codec': 1.5.5

  muggle-string@0.4.1: {}

  nanoid@3.3.16: {}

  path-browserify@1.0.1: {}

  picocolors@1.1.1: {}

  picomatch@4.0.5: {}

  postcss@8.5.23:
    dependencies:
      nanoid: 3.3.16
      picocolors: 1.1.1
      source-map-js: 1.2.1

  source-map-js@1.2.1: {}

  typescript-native-bridge@6.0.3-bridge.15.tsgo.7.0.2:
    optionalDependencies:
      '@typescript-native-bridge/darwin-arm64': 6.0.3-bridge.15.tsgo.7.0.2
      '@typescript-native-bridge/darwin-x64': 6.0.3-bridge.15.tsgo.7.0.2
      '@typescript-native-bridge/linux-arm': 6.0.3-bridge.15.tsgo.7.0.2
      '@typescript-native-bridge/linux-arm64': 6.0.3-bridge.15.tsgo.7.0.2
      '@typescript-native-bridge/linux-x64': 6.0.3-bridge.15.tsgo.7.0.2
      '@typescript-native-bridge/win32-arm64': 6.0.3-bridge.15.tsgo.7.0.2
      '@typescript-native-bridge/win32-x64': 6.0.3-bridge.15.tsgo.7.0.2

  vscode-uri@3.1.0: {}

  vue-tsc@3.3.11(typescript-native-bridge@6.0.3-bridge.15.tsgo.7.0.2):
    dependencies:
      '@volar/typescript': 2.4.28
      '@vue/language-core': 3.3.11
      typescript: typescript-native-bridge@6.0.3-bridge.15.tsgo.7.0.2

  vue@3.5.42(typescript-native-bridge@6.0.3-bridge.15.tsgo.7.0.2):
    dependencies:
      '@vue/compiler-dom': 3.5.42
      '@vue/compiler-sfc': 3.5.42
      '@vue/runtime-dom': 3.5.42
      '@vue/server-renderer': 3.5.42
      '@vue/shared': 3.5.42
    optionalDependencies:
      typescript: typescript-native-bridge@6.0.3-bridge.15.tsgo.7.0.2
